{
  "lib\\chainlink-brownie-contracts": {
    "tag": {
      "name": "1.3.0",
      "rev": "5cb41fbc9b525338b6098da5ea7dd0b7e92f89e4"
    }
  },
  "lib\\forge-std": {
    "tag": {
      "name": "v1.9.7",
      "rev": "77041d2ce690e692d6e03cc812b57d1ddaa4d505"
    }
  },
  "lib\\openzeppelin-contracts": {
    "tag": {
      "name": "v5.2.0",
      "rev": "acd4ff74de833399287ed6b31b4debf6b2b35527"
    }
  }
}